
Microsoft Visual Studio Solution File, Format Version 12.00
# Visual Studio Version 16
VisualStudioVersion = 16.0.31025.194
MinimumVisualStudioVersion = 10.0.40219.1
Project("{9A19103F-16F7-4668-BE54-9A1E7A4F7556}") = "fizzbuzzwebowo", "fizzbuzzwebowo.csproj", "{EC0A6FC4-7B5B-4707-A633-66579543176A}"
EndProject
Global
	GlobalSection(SolutionConfigurationPlatforms) = preSolution
		Debug|Any CPU = Debug|Any CPU
		Release|Any CPU = Release|Any CPU
	EndGlobalSection
	GlobalSection(ProjectConfigurationPlatforms) = postSolution
		{EC0A6FC4-7B5B-4707-A633-66579543176A}.Debug|Any CPU.ActiveCfg = Debug|Any CPU
		{EC0A6FC4-7B5B-4707-A633-66579543176A}.Debug|Any CPU.Build.0 = Debug|Any CPU
		{EC0A6FC4-7B5B-4707-A633-66579543176A}.Release|Any CPU.ActiveCfg = Release|Any CPU
		{EC0A6FC4-7B5B-4707-A633-66579543176A}.Release|Any CPU.Build.0 = Release|Any CPU
	EndGlobalSection
	GlobalSection(SolutionProperties) = preSolution
		HideSolutionNode = FALSE
	EndGlobalSection
	GlobalSection(ExtensibilityGlobals) = postSolution
		SolutionGuid = {95D39F2A-C2FE-4BD2-900A-A142B9D6B656}
	EndGlobalSection
EndGlobal
